
Microsoft Visual Studio Solution File, Format Version 12.00
# Visual Studio Version 17
VisualStudioVersion = 17.13.35825.156 d17.13
MinimumVisualStudioVersion = 10.0.40219.1
Project("{FAE04EC0-301F-11D3-BF4B-00C04F79EFBC}") = "Centralita telefónica", "Centralita telefónica.csproj", "{89E9D2A5-EC34-4CEC-BDA4-7AB1106A850B}"
EndProject
Global
	GlobalSection(SolutionConfigurationPlatforms) = preSolution
		Debug|Any CPU = Debug|Any CPU
		Release|Any CPU = Release|Any CPU
	EndGlobalSection
	GlobalSection(ProjectConfigurationPlatforms) = postSolution
		{89E9D2A5-EC34-4CEC-BDA4-7AB1106A850B}.Debug|Any CPU.ActiveCfg = Debug|Any CPU
		{89E9D2A5-EC34-4CEC-BDA4-7AB1106A850B}.Debug|Any CPU.Build.0 = Debug|Any CPU
		{89E9D2A5-EC34-4CEC-BDA4-7AB1106A850B}.Release|Any CPU.ActiveCfg = Release|Any CPU
		{89E9D2A5-EC34-4CEC-BDA4-7AB1106A850B}.Release|Any CPU.Build.0 = Release|Any CPU
	EndGlobalSection
	GlobalSection(SolutionProperties) = preSolution
		HideSolutionNode = FALSE
	EndGlobalSection
	GlobalSection(ExtensibilityGlobals) = postSolution
		SolutionGuid = {6AFB429F-FFAB-43B2-88AC-60031780BD04}
	EndGlobalSection
EndGlobal
