
Microsoft Visual Studio Solution File, Format Version 12.00
# Visual Studio Version 17
VisualStudioVersion = 17.13.35825.156 d17.13
MinimumVisualStudioVersion = 10.0.40219.1
Project("{FAE04EC0-301F-11D3-BF4B-00C04F79EFBC}") = "Clases polimorfas", "Clases polimorfas\Clases polimorfas.csproj", "{365073C9-07E6-40B5-9140-7761CC45EC40}"
EndProject
Global
	GlobalSection(SolutionConfigurationPlatforms) = preSolution
		Debug|Any CPU = Debug|Any CPU
		Release|Any CPU = Release|Any CPU
	EndGlobalSection
	GlobalSection(ProjectConfigurationPlatforms) = postSolution
		{365073C9-07E6-40B5-9140-7761CC45EC40}.Debug|Any CPU.ActiveCfg = Debug|Any CPU
		{365073C9-07E6-40B5-9140-7761CC45EC40}.Debug|Any CPU.Build.0 = Debug|Any CPU
		{365073C9-07E6-40B5-9140-7761CC45EC40}.Release|Any CPU.ActiveCfg = Release|Any CPU
		{365073C9-07E6-40B5-9140-7761CC45EC40}.Release|Any CPU.Build.0 = Release|Any CPU
	EndGlobalSection
	GlobalSection(SolutionProperties) = preSolution
		HideSolutionNode = FALSE
	EndGlobalSection
	GlobalSection(ExtensibilityGlobals) = postSolution
		SolutionGuid = {AE15CB0A-3FC1-4500-B6F4-B63929B8CB50}
	EndGlobalSection
EndGlobal
